// !$*UTF8*$!
{
	archiveVersion = 1;
	classes = {
	};
	objectVersion = 56;
	objects = {

/* Begin PBXBuildFile section */
		086CCEF667ED54B0C11EACEC /* Pods_Sports_App_Sports_AppUITests.framework in Frameworks */ = {isa = PBXBuildFile; fileRef = A08FA48E0322CD9DC003D908 /* Pods_Sports_App_Sports_AppUITests.framework */; };
		1E894A0BC73D5695141604D2 /* Pods_Sports_App.framework in Frameworks */ = {isa = PBXBuildFile; fileRef = B4A1C91B57DB36375B5F86B8 /* Pods_Sports_App.framework */; };
		306DB0FA57B682181526B358 /* Pods_Sports_AppTests.framework in Frameworks */ = {isa = PBXBuildFile; fileRef = 2FACE8B532F1974A3EFF8572 /* Pods_Sports_AppTests.framework */; };
		A7BFC6B7298C2176008400F9 /* FavouritesViewController.swift in Sources */ = {isa = PBXBuildFile; fileRef = A7BFC6B6298C2176008400F9 /* FavouritesViewController.swift */; };
		A7BFC6F9298C30DC008400F9 /* CustomCollectionViewCell.swift in Sources */ = {isa = PBXBuildFile; fileRef = A7BFC6F7298C30DC008400F9 /* CustomCollectionViewCell.swift */; };
		A7BFC6FA298C30DC008400F9 /* CustomCollectionViewCell.xib in Resources */ = {isa = PBXBuildFile; fileRef = A7BFC6F8298C30DC008400F9 /* CustomCollectionViewCell.xib */; };
		DE1FB3AD298A00690071268A /* AppDelegate.swift in Sources */ = {isa = PBXBuildFile; fileRef = DE1FB3AC298A00690071268A /* AppDelegate.swift */; };
		DE1FB3AF298A00690071268A /* SceneDelegate.swift in Sources */ = {isa = PBXBuildFile; fileRef = DE1FB3AE298A00690071268A /* SceneDelegate.swift */; };
		DE1FB3B1298A00690071268A /* MainController.swift in Sources */ = {isa = PBXBuildFile; fileRef = DE1FB3B0298A00690071268A /* MainController.swift */; };
		DE1FB3B4298A00690071268A /* Main.storyboard in Resources */ = {isa = PBXBuildFile; fileRef = DE1FB3B2298A00690071268A /* Main.storyboard */; };
		DE1FB3B7298A00690071268A /* Sports_App.xcdatamodeld in Sources */ = {isa = PBXBuildFile; fileRef = DE1FB3B5298A00690071268A /* Sports_App.xcdatamodeld */; };
		DE1FB3B9298A006C0071268A /* Assets.xcassets in Resources */ = {isa = PBXBuildFile; fileRef = DE1FB3B8298A006C0071268A /* Assets.xcassets */; };
		DE1FB3BC298A006C0071268A /* LaunchScreen.storyboard in Resources */ = {isa = PBXBuildFile; fileRef = DE1FB3BA298A006C0071268A /* LaunchScreen.storyboard */; };
		DE1FB3C7298A006D0071268A /* Sports_AppTests.swift in Sources */ = {isa = PBXBuildFile; fileRef = DE1FB3C6298A006D0071268A /* Sports_AppTests.swift */; };
		DE1FB3D1298A006D0071268A /* Sports_AppUITests.swift in Sources */ = {isa = PBXBuildFile; fileRef = DE1FB3D0298A006D0071268A /* Sports_AppUITests.swift */; };
		DE1FB3D3298A006D0071268A /* Sports_AppUITestsLaunchTests.swift in Sources */ = {isa = PBXBuildFile; fileRef = DE1FB3D2298A006D0071268A /* Sports_AppUITestsLaunchTests.swift */; };
		DE1FB3ED298A042E0071268A /* LeagueDetail.swift in Sources */ = {isa = PBXBuildFile; fileRef = DE1FB3EC298A042E0071268A /* LeagueDetail.swift */; };
		DE1FB3EF298A043C0071268A /* Sport.swift in Sources */ = {isa = PBXBuildFile; fileRef = DE1FB3EE298A043C0071268A /* Sport.swift */; };
		DE1FB3F1298A04440071268A /* League.swift in Sources */ = {isa = PBXBuildFile; fileRef = DE1FB3F0298A04440071268A /* League.swift */; };
		DE1FB3F3298A044D0071268A /* Team.swift in Sources */ = {isa = PBXBuildFile; fileRef = DE1FB3F2298A044D0071268A /* Team.swift */; };
		DE1FB3F6298A05780071268A /* LaunchScreenController.swift in Sources */ = {isa = PBXBuildFile; fileRef = DE1FB3F5298A05780071268A /* LaunchScreenController.swift */; };
		DE78DE37299048060025ACBE /* CustomTableCell.xib in Resources */ = {isa = PBXBuildFile; fileRef = DE78DE36299048060025ACBE /* CustomTableCell.xib */; };
		DED942B9299046760092E969 /* CustomTableCell.swift in Sources */ = {isa = PBXBuildFile; fileRef = DED942B5299046750092E969 /* CustomTableCell.swift */; };
		DED942BA299046760092E969 /* LeaguesStoryboard.storyboard in Resources */ = {isa = PBXBuildFile; fileRef = DED942B6299046750092E969 /* LeaguesStoryboard.storyboard */; };
		DED942BB299046760092E969 /* LeaguesViewController.swift in Sources */ = {isa = PBXBuildFile; fileRef = DED942B7299046750092E969 /* LeaguesViewController.swift */; };
/* End PBXBuildFile section */

/* Begin PBXContainerItemProxy section */
		DE1FB3C3298A006D0071268A /* PBXContainerItemProxy */ = {
			isa = PBXContainerItemProxy;
			containerPortal = DE1FB3A1298A00680071268A /* Project object */;
			proxyType = 1;
			remoteGlobalIDString = DE1FB3A8298A00690071268A;
			remoteInfo = "Sports-App";
		};
		DE1FB3CD298A006D0071268A /* PBXContainerItemProxy */ = {
			isa = PBXContainerItemProxy;
			containerPortal = DE1FB3A1298A00680071268A /* Project object */;
			proxyType = 1;
			remoteGlobalIDString = DE1FB3A8298A00690071268A;
			remoteInfo = "Sports-App";
		};
/* End PBXContainerItemProxy section */

/* Begin PBXFileReference section */
		126627D89DB6F8BFC301ABD7 /* Pods-Sports-AppTests.debug.xcconfig */ = {isa = PBXFileReference; includeInIndex = 1; lastKnownFileType = text.xcconfig; name = "Pods-Sports-AppTests.debug.xcconfig"; path = "Target Support Files/Pods-Sports-AppTests/Pods-Sports-AppTests.debug.xcconfig"; sourceTree = "<group>"; };
		2FACE8B532F1974A3EFF8572 /* Pods_Sports_AppTests.framework */ = {isa = PBXFileReference; explicitFileType = wrapper.framework; includeInIndex = 0; path = Pods_Sports_AppTests.framework; sourceTree = BUILT_PRODUCTS_DIR; };
		533A53DC412AA46728E9167A /* Pods-Sports-AppTests.release.xcconfig */ = {isa = PBXFileReference; includeInIndex = 1; lastKnownFileType = text.xcconfig; name = "Pods-Sports-AppTests.release.xcconfig"; path = "Target Support Files/Pods-Sports-AppTests/Pods-Sports-AppTests.release.xcconfig"; sourceTree = "<group>"; };
		66296694525A85622FE769C2 /* Pods-Sports-App-Sports-AppUITests.debug.xcconfig */ = {isa = PBXFileReference; includeInIndex = 1; lastKnownFileType = text.xcconfig; name = "Pods-Sports-App-Sports-AppUITests.debug.xcconfig"; path = "Target Support Files/Pods-Sports-App-Sports-AppUITests/Pods-Sports-App-Sports-AppUITests.debug.xcconfig"; sourceTree = "<group>"; };
		A08FA48E0322CD9DC003D908 /* Pods_Sports_App_Sports_AppUITests.framework */ = {isa = PBXFileReference; explicitFileType = wrapper.framework; includeInIndex = 0; path = Pods_Sports_App_Sports_AppUITests.framework; sourceTree = BUILT_PRODUCTS_DIR; };
		A7BFC6B6298C2176008400F9 /* FavouritesViewController.swift */ = {isa = PBXFileReference; lastKnownFileType = sourcecode.swift; name = FavouritesViewController.swift; path = "Sports-App/Views/FavouritesViewController.swift"; sourceTree = SOURCE_ROOT; };
		A7BFC6F7298C30DC008400F9 /* CustomCollectionViewCell.swift */ = {isa = PBXFileReference; lastKnownFileType = sourcecode.swift; path = CustomCollectionViewCell.swift; sourceTree = "<group>"; };
		A7BFC6F8298C30DC008400F9 /* CustomCollectionViewCell.xib */ = {isa = PBXFileReference; lastKnownFileType = file.xib; path = CustomCollectionViewCell.xib; sourceTree = "<group>"; };
		A9DBFA9C61272A52A8B6F316 /* Pods-Sports-App-Sports-AppUITests.release.xcconfig */ = {isa = PBXFileReference; includeInIndex = 1; lastKnownFileType = text.xcconfig; name = "Pods-Sports-App-Sports-AppUITests.release.xcconfig"; path = "Target Support Files/Pods-Sports-App-Sports-AppUITests/Pods-Sports-App-Sports-AppUITests.release.xcconfig"; sourceTree = "<group>"; };
		AB8F35862765900CA1039D14 /* Pods-Sports-App.release.xcconfig */ = {isa = PBXFileReference; includeInIndex = 1; lastKnownFileType = text.xcconfig; name = "Pods-Sports-App.release.xcconfig"; path = "Target Support Files/Pods-Sports-App/Pods-Sports-App.release.xcconfig"; sourceTree = "<group>"; };
		B4A1C91B57DB36375B5F86B8 /* Pods_Sports_App.framework */ = {isa = PBXFileReference; explicitFileType = wrapper.framework; includeInIndex = 0; path = Pods_Sports_App.framework; sourceTree = BUILT_PRODUCTS_DIR; };
		DE1FB3A9298A00690071268A /* Sports-App.app */ = {isa = PBXFileReference; explicitFileType = wrapper.application; includeInIndex = 0; path = "Sports-App.app"; sourceTree = BUILT_PRODUCTS_DIR; };
		DE1FB3AC298A00690071268A /* AppDelegate.swift */ = {isa = PBXFileReference; lastKnownFileType = sourcecode.swift; path = AppDelegate.swift; sourceTree = "<group>"; };
		DE1FB3AE298A00690071268A /* SceneDelegate.swift */ = {isa = PBXFileReference; lastKnownFileType = sourcecode.swift; path = SceneDelegate.swift; sourceTree = "<group>"; };
		DE1FB3B0298A00690071268A /* MainController.swift */ = {isa = PBXFileReference; lastKnownFileType = sourcecode.swift; path = MainController.swift; sourceTree = "<group>"; };
		DE1FB3B3298A00690071268A /* Base */ = {isa = PBXFileReference; lastKnownFileType = file.storyboard; name = Base; path = Base.lproj/Main.storyboard; sourceTree = "<group>"; };
		DE1FB3B6298A00690071268A /* Sports_App.xcdatamodel */ = {isa = PBXFileReference; lastKnownFileType = wrapper.xcdatamodel; path = Sports_App.xcdatamodel; sourceTree = "<group>"; };
		DE1FB3B8298A006C0071268A /* Assets.xcassets */ = {isa = PBXFileReference; lastKnownFileType = folder.assetcatalog; path = Assets.xcassets; sourceTree = "<group>"; };
		DE1FB3BB298A006C0071268A /* Base */ = {isa = PBXFileReference; lastKnownFileType = file.storyboard; name = Base; path = Base.lproj/LaunchScreen.storyboard; sourceTree = "<group>"; };
		DE1FB3BD298A006C0071268A /* Info.plist */ = {isa = PBXFileReference; lastKnownFileType = text.plist.xml; path = Info.plist; sourceTree = "<group>"; };
		DE1FB3C2298A006D0071268A /* Sports-AppTests.xctest */ = {isa = PBXFileReference; explicitFileType = wrapper.cfbundle; includeInIndex = 0; path = "Sports-AppTests.xctest"; sourceTree = BUILT_PRODUCTS_DIR; };
		DE1FB3C6298A006D0071268A /* Sports_AppTests.swift */ = {isa = PBXFileReference; lastKnownFileType = sourcecode.swift; path = Sports_AppTests.swift; sourceTree = "<group>"; };
		DE1FB3CC298A006D0071268A /* Sports-AppUITests.xctest */ = {isa = PBXFileReference; explicitFileType = wrapper.cfbundle; includeInIndex = 0; path = "Sports-AppUITests.xctest"; sourceTree = BUILT_PRODUCTS_DIR; };
		DE1FB3D0298A006D0071268A /* Sports_AppUITests.swift */ = {isa = PBXFileReference; lastKnownFileType = sourcecode.swift; path = Sports_AppUITests.swift; sourceTree = "<group>"; };
		DE1FB3D2298A006D0071268A /* Sports_AppUITestsLaunchTests.swift */ = {isa = PBXFileReference; lastKnownFileType = sourcecode.swift; path = Sports_AppUITestsLaunchTests.swift; sourceTree = "<group>"; };
		DE1FB3EC298A042E0071268A /* LeagueDetail.swift */ = {isa = PBXFileReference; lastKnownFileType = sourcecode.swift; path = LeagueDetail.swift; sourceTree = "<group>"; };
		DE1FB3EE298A043C0071268A /* Sport.swift */ = {isa = PBXFileReference; lastKnownFileType = sourcecode.swift; path = Sport.swift; sourceTree = "<group>"; };
		DE1FB3F0298A04440071268A /* League.swift */ = {isa = PBXFileReference; lastKnownFileType = sourcecode.swift; path = League.swift; sourceTree = "<group>"; };
		DE1FB3F2298A044D0071268A /* Team.swift */ = {isa = PBXFileReference; lastKnownFileType = sourcecode.swift; path = Team.swift; sourceTree = "<group>"; };
		DE1FB3F5298A05780071268A /* LaunchScreenController.swift */ = {isa = PBXFileReference; lastKnownFileType = sourcecode.swift; path = LaunchScreenController.swift; sourceTree = "<group>"; };
		DE78DE36299048060025ACBE /* CustomTableCell.xib */ = {isa = PBXFileReference; fileEncoding = 4; lastKnownFileType = file.xib; path = CustomTableCell.xib; sourceTree = "<group>"; };
		DED942B5299046750092E969 /* CustomTableCell.swift */ = {isa = PBXFileReference; fileEncoding = 4; lastKnownFileType = sourcecode.swift; path = CustomTableCell.swift; sourceTree = "<group>"; };
		DED942B6299046750092E969 /* LeaguesStoryboard.storyboard */ = {isa = PBXFileReference; fileEncoding = 4; lastKnownFileType = file.storyboard; path = LeaguesStoryboard.storyboard; sourceTree = "<group>"; };
		DED942B7299046750092E969 /* LeaguesViewController.swift */ = {isa = PBXFileReference; fileEncoding = 4; lastKnownFileType = sourcecode.swift; path = LeaguesViewController.swift; sourceTree = "<group>"; };
		E2662AB9988C0254C424F063 /* Pods-Sports-App.debug.xcconfig */ = {isa = PBXFileReference; includeInIndex = 1; lastKnownFileType = text.xcconfig; name = "Pods-Sports-App.debug.xcconfig"; path = "Target Support Files/Pods-Sports-App/Pods-Sports-App.debug.xcconfig"; sourceTree = "<group>"; };
/* End PBXFileReference section */

/* Begin PBXFrameworksBuildPhase section */
		DE1FB3A6298A00690071268A /* Frameworks */ = {
			isa = PBXFrameworksBuildPhase;
			buildActionMask = 2147483647;
			files = (
				1E894A0BC73D5695141604D2 /* Pods_Sports_App.framework in Frameworks */,
			);
			runOnlyForDeploymentPostprocessing = 0;
		};
		DE1FB3BF298A006D0071268A /* Frameworks */ = {
			isa = PBXFrameworksBuildPhase;
			buildActionMask = 2147483647;
			files = (
				306DB0FA57B682181526B358 /* Pods_Sports_AppTests.framework in Frameworks */,
			);
			runOnlyForDeploymentPostprocessing = 0;
		};
		DE1FB3C9298A006D0071268A /* Frameworks */ = {
			isa = PBXFrameworksBuildPhase;
			buildActionMask = 2147483647;
			files = (
				086CCEF667ED54B0C11EACEC /* Pods_Sports_App_Sports_AppUITests.framework in Frameworks */,
			);
			runOnlyForDeploymentPostprocessing = 0;
		};
/* End PBXFrameworksBuildPhase section */

/* Begin PBXGroup section */
		2478AFC78ADF1DAD88BAD395 /* Frameworks */ = {
			isa = PBXGroup;
			children = (
				B4A1C91B57DB36375B5F86B8 /* Pods_Sports_App.framework */,
				A08FA48E0322CD9DC003D908 /* Pods_Sports_App_Sports_AppUITests.framework */,
				2FACE8B532F1974A3EFF8572 /* Pods_Sports_AppTests.framework */,
			);
			name = Frameworks;
			sourceTree = "<group>";
		};
		D9843B506961AA395155A372 /* Pods */ = {
			isa = PBXGroup;
			children = (
				E2662AB9988C0254C424F063 /* Pods-Sports-App.debug.xcconfig */,
				AB8F35862765900CA1039D14 /* Pods-Sports-App.release.xcconfig */,
				66296694525A85622FE769C2 /* Pods-Sports-App-Sports-AppUITests.debug.xcconfig */,
				A9DBFA9C61272A52A8B6F316 /* Pods-Sports-App-Sports-AppUITests.release.xcconfig */,
				126627D89DB6F8BFC301ABD7 /* Pods-Sports-AppTests.debug.xcconfig */,
				533A53DC412AA46728E9167A /* Pods-Sports-AppTests.release.xcconfig */,
			);
			path = Pods;
			sourceTree = "<group>";
		};
		DE1FB3A0298A00680071268A = {
			isa = PBXGroup;
			children = (
				DE1FB3AB298A00690071268A /* Sports-App */,
				DE1FB3C5298A006D0071268A /* Sports-AppTests */,
				DE1FB3CF298A006D0071268A /* Sports-AppUITests */,
				DE1FB3AA298A00690071268A /* Products */,
				D9843B506961AA395155A372 /* Pods */,
				2478AFC78ADF1DAD88BAD395 /* Frameworks */,
			);
			sourceTree = "<group>";
		};
		DE1FB3AA298A00690071268A /* Products */ = {
			isa = PBXGroup;
			children = (
				DE1FB3A9298A00690071268A /* Sports-App.app */,
				DE1FB3C2298A006D0071268A /* Sports-AppTests.xctest */,
				DE1FB3CC298A006D0071268A /* Sports-AppUITests.xctest */,
			);
			name = Products;
			sourceTree = "<group>";
		};
		DE1FB3AB298A00690071268A /* Sports-App */ = {
			isa = PBXGroup;
			children = (
				DE1FB3E4298A01B30071268A /* Assets */,
				DE1FB3E3298A01AD0071268A /* Core */,
				DE1FB3E2298A019D0071268A /* ViewModel */,
				DE1FB3E1298A01930071268A /* Views */,
				DE1FB3E0298A01840071268A /* Model */,
				DE1FB3F4298A05100071268A /* Services */,
				DE1FB3BD298A006C0071268A /* Info.plist */,
				DE1FB3B2298A00690071268A /* Main.storyboard */,
				DE1FB3B5298A00690071268A /* Sports_App.xcdatamodeld */,
			);
			path = "Sports-App";
			sourceTree = "<group>";
		};
		DE1FB3C5298A006D0071268A /* Sports-AppTests */ = {
			isa = PBXGroup;
			children = (
				DE1FB3C6298A006D0071268A /* Sports_AppTests.swift */,
			);
			path = "Sports-AppTests";
			sourceTree = "<group>";
		};
		DE1FB3CF298A006D0071268A /* Sports-AppUITests */ = {
			isa = PBXGroup;
			children = (
				DE1FB3D0298A006D0071268A /* Sports_AppUITests.swift */,
				DE1FB3D2298A006D0071268A /* Sports_AppUITestsLaunchTests.swift */,
			);
			path = "Sports-AppUITests";
			sourceTree = "<group>";
		};
		DE1FB3E0298A01840071268A /* Model */ = {
			isa = PBXGroup;
			children = (
				DE1FB3EC298A042E0071268A /* LeagueDetail.swift */,
				DE1FB3EE298A043C0071268A /* Sport.swift */,
				DE1FB3F0298A04440071268A /* League.swift */,
				DE1FB3F2298A044D0071268A /* Team.swift */,
			);
			path = Model;
			sourceTree = "<group>";
		};
		DE1FB3E1298A01930071268A /* Views */ = {
			isa = PBXGroup;
			children = (
				DED942BD299047A90092E969 /* Cells */,
				DE1FB3E9298A02EB0071268A /* FavouritesScreen */,
				DE1FB3E8298A02BA0071268A /* LaunchScreen */,
				DE1FB3E7298A02AA0071268A /* SportsScreen */,
				DE1FB3E6298A029B0071268A /* LeagueDetails */,
				DE1FB3E5298A027E0071268A /* LeaguesScreen */,
			);
			path = Views;
			sourceTree = "<group>";
		};
		DE1FB3E2298A019D0071268A /* ViewModel */ = {
			isa = PBXGroup;
			children = (
			);
			path = ViewModel;
			sourceTree = "<group>";
		};
		DE1FB3E3298A01AD0071268A /* Core */ = {
			isa = PBXGroup;
			children = (
				DE1FB3AC298A00690071268A /* AppDelegate.swift */,
				DE1FB3AE298A00690071268A /* SceneDelegate.swift */,
			);
			path = Core;
			sourceTree = "<group>";
		};
		DE1FB3E4298A01B30071268A /* Assets */ = {
			isa = PBXGroup;
			children = (
				DE1FB3B8298A006C0071268A /* Assets.xcassets */,
			);
			path = Assets;
			sourceTree = "<group>";
		};
		DE1FB3E5298A027E0071268A /* LeaguesScreen */ = {
			isa = PBXGroup;
			children = (
				DED942B6299046750092E969 /* LeaguesStoryboard.storyboard */,
				DED942B7299046750092E969 /* LeaguesViewController.swift */,
			);
			path = LeaguesScreen;
			sourceTree = "<group>";
		};
		DE1FB3E6298A029B0071268A /* LeagueDetails */ = {
			isa = PBXGroup;
			children = (
			);
			path = LeagueDetails;
			sourceTree = "<group>";
		};
		DE1FB3E7298A02AA0071268A /* SportsScreen */ = {
			isa = PBXGroup;
			children = (
				DE1FB3B0298A00690071268A /* MainController.swift */,
			);
			path = SportsScreen;
			sourceTree = "<group>";
		};
		DE1FB3E8298A02BA0071268A /* LaunchScreen */ = {
			isa = PBXGroup;
			children = (
				DE1FB3BA298A006C0071268A /* LaunchScreen.storyboard */,
				DE1FB3F5298A05780071268A /* LaunchScreenController.swift */,
			);
			path = LaunchScreen;
			sourceTree = "<group>";
		};
		DE1FB3E9298A02EB0071268A /* FavouritesScreen */ = {
			isa = PBXGroup;
			children = (
				A7BFC6B6298C2176008400F9 /* FavouritesViewController.swift */,
			);
			path = FavouritesScreen;
			sourceTree = "<group>";
		};
		DE1FB3F4298A05100071268A /* Services */ = {
			isa = PBXGroup;
			children = (
				DE1FB3F8298A06100071268A /* DatabaseServices */,
				DE1FB3F7298A06060071268A /* NetworkServices */,
			);
			path = Services;
			sourceTree = "<group>";
		};
		DE1FB3F7298A06060071268A /* NetworkServices */ = {
			isa = PBXGroup;
			children = (
			);
			path = NetworkServices;
			sourceTree = "<group>";
		};
		DE1FB3F8298A06100071268A /* DatabaseServices */ = {
			isa = PBXGroup;
			children = (
			);
			path = DatabaseServices;
			sourceTree = "<group>";
		};
		DED942BD299047A90092E969 /* Cells */ = {
			isa = PBXGroup;
			children = (
				A7BFC6F7298C30DC008400F9 /* CustomCollectionViewCell.swift */,
				A7BFC6F8298C30DC008400F9 /* CustomCollectionViewCell.xib */,
				DE78DE36299048060025ACBE /* CustomTableCell.xib */,
				DED942B5299046750092E969 /* CustomTableCell.swift */,
			);
			path = Cells;
			sourceTree = "<group>";
		};
/* End PBXGroup section */

/* Begin PBXNativeTarget section */
		DE1FB3A8298A00690071268A /* Sports-App */ = {
			isa = PBXNativeTarget;
			buildConfigurationList = DE1FB3D6298A006D0071268A /* Build configuration list for PBXNativeTarget "Sports-App" */;
			buildPhases = (
				0E488EC105C72F108D65CA83 /* [CP] Check Pods Manifest.lock */,
				DE1FB3A5298A00690071268A /* Sources */,
				DE1FB3A6298A00690071268A /* Frameworks */,
				DE1FB3A7298A00690071268A /* Resources */,
				C5E3834F13F30ABFAABB7074 /* [CP] Embed Pods Frameworks */,
			);
			buildRules = (
			);
			dependencies = (
			);
			name = "Sports-App";
			productName = "Sports-App";
			productReference = DE1FB3A9298A00690071268A /* Sports-App.app */;
			productType = "com.apple.product-type.application";
		};
		DE1FB3C1298A006D0071268A /* Sports-AppTests */ = {
			isa = PBXNativeTarget;
			buildConfigurationList = DE1FB3D9298A006D0071268A /* Build configuration list for PBXNativeTarget "Sports-AppTests" */;
			buildPhases = (
				49654B4343AFAEB406C4177B /* [CP] Check Pods Manifest.lock */,
				DE1FB3BE298A006D0071268A /* Sources */,
				DE1FB3BF298A006D0071268A /* Frameworks */,
				DE1FB3C0298A006D0071268A /* Resources */,
				C6079D084E513F05E05BAC58 /* [CP] Embed Pods Frameworks */,
			);
			buildRules = (
			);
			dependencies = (
				DE1FB3C4298A006D0071268A /* PBXTargetDependency */,
			);
			name = "Sports-AppTests";
			productName = "Sports-AppTests";
			productReference = DE1FB3C2298A006D0071268A /* Sports-AppTests.xctest */;
			productType = "com.apple.product-type.bundle.unit-test";
		};
		DE1FB3CB298A006D0071268A /* Sports-AppUITests */ = {
			isa = PBXNativeTarget;
			buildConfigurationList = DE1FB3DC298A006D0071268A /* Build configuration list for PBXNativeTarget "Sports-AppUITests" */;
			buildPhases = (
				00929D239603D2AA10CBB55F /* [CP] Check Pods Manifest.lock */,
				DE1FB3C8298A006D0071268A /* Sources */,
				DE1FB3C9298A006D0071268A /* Frameworks */,
				DE1FB3CA298A006D0071268A /* Resources */,
				AC2DE9157DA5A2C80766DDFC /* [CP] Embed Pods Frameworks */,
			);
			buildRules = (
			);
			dependencies = (
				DE1FB3CE298A006D0071268A /* PBXTargetDependency */,
			);
			name = "Sports-AppUITests";
			productName = "Sports-AppUITests";
			productReference = DE1FB3CC298A006D0071268A /* Sports-AppUITests.xctest */;
			productType = "com.apple.product-type.bundle.ui-testing";
		};
/* End PBXNativeTarget section */

/* Begin PBXProject section */
		DE1FB3A1298A00680071268A /* Project object */ = {
			isa = PBXProject;
			attributes = {
				BuildIndependentTargetsInParallel = 1;
				LastSwiftUpdateCheck = 1420;
				LastUpgradeCheck = 1420;
				TargetAttributes = {
					DE1FB3A8298A00690071268A = {
						CreatedOnToolsVersion = 14.2;
					};
					DE1FB3C1298A006D0071268A = {
						CreatedOnToolsVersion = 14.2;
						TestTargetID = DE1FB3A8298A00690071268A;
					};
					DE1FB3CB298A006D0071268A = {
						CreatedOnToolsVersion = 14.2;
						TestTargetID = DE1FB3A8298A00690071268A;
					};
				};
			};
			buildConfigurationList = DE1FB3A4298A00690071268A /* Build configuration list for PBXProject "Sports-App" */;
			compatibilityVersion = "Xcode 14.0";
			developmentRegion = en;
			hasScannedForEncodings = 0;
			knownRegions = (
				en,
				Base,
			);
			mainGroup = DE1FB3A0298A00680071268A;
			productRefGroup = DE1FB3AA298A00690071268A /* Products */;
			projectDirPath = "";
			projectRoot = "";
			targets = (
				DE1FB3A8298A00690071268A /* Sports-App */,
				DE1FB3C1298A006D0071268A /* Sports-AppTests */,
				DE1FB3CB298A006D0071268A /* Sports-AppUITests */,
			);
		};
/* End PBXProject section */

/* Begin PBXResourcesBuildPhase section */
		DE1FB3A7298A00690071268A /* Resources */ = {
			isa = PBXResourcesBuildPhase;
			buildActionMask = 2147483647;
			files = (
				DED942BA299046760092E969 /* LeaguesStoryboard.storyboard in Resources */,
				DE1FB3BC298A006C0071268A /* LaunchScreen.storyboard in Resources */,
				DE1FB3B9298A006C0071268A /* Assets.xcassets in Resources */,
				DE78DE37299048060025ACBE /* CustomTableCell.xib in Resources */,
				DE1FB3B4298A00690071268A /* Main.storyboard in Resources */,
				A7BFC6FA298C30DC008400F9 /* CustomCollectionViewCell.xib in Resources */,
			);
			runOnlyForDeploymentPostprocessing = 0;
		};
		DE1FB3C0298A006D0071268A /* Resources */ = {
			isa = PBXResourcesBuildPhase;
			buildActionMask = 2147483647;
			files = (
			);
			runOnlyForDeploymentPostprocessing = 0;
		};
		DE1FB3CA298A006D0071268A /* Resources */ = {
			isa = PBXResourcesBuildPhase;
			buildActionMask = 2147483647;
			files = (
			);
			runOnlyForDeploymentPostprocessing = 0;
		};
/* End PBXResourcesBuildPhase section */

/* Begin PBXShellScriptBuildPhase section */
		00929D239603D2AA10CBB55F /* [CP] Check Pods Manifest.lock */ = {
			isa = PBXShellScriptBuildPhase;
			buildActionMask = 2147483647;
			files = (
			);
			inputFileListPaths = (
			);
			inputPaths = (
				"${PODS_PODFILE_DIR_PATH}/Podfile.lock",
				"${PODS_ROOT}/Manifest.lock",
			);
			name = "[CP] Check Pods Manifest.lock";
			outputFileListPaths = (
			);
			outputPaths = (
				"$(DERIVED_FILE_DIR)/Pods-Sports-App-Sports-AppUITests-checkManifestLockResult.txt",
			);
			runOnlyForDeploymentPostprocessing = 0;
			shellPath = /bin/sh;
			shellScript = "diff \"${PODS_PODFILE_DIR_PATH}/Podfile.lock\" \"${PODS_ROOT}/Manifest.lock\" > /dev/null\nif [ $? != 0 ] ; then\n    # print error to STDERR\n    echo \"error: The sandbox is not in sync with the Podfile.lock. Run 'pod install' or update your CocoaPods installation.\" >&2\n    exit 1\nfi\n# This output is used by Xcode 'outputs' to avoid re-running this script phase.\necho \"SUCCESS\" > \"${SCRIPT_OUTPUT_FILE_0}\"\n";
			showEnvVarsInLog = 0;
		};
		0E488EC105C72F108D65CA83 /* [CP] Check Pods Manifest.lock */ = {
			isa = PBXShellScriptBuildPhase;
			buildActionMask = 2147483647;
			files = (
			);
			inputFileListPaths = (
			);
			inputPaths = (
				"${PODS_PODFILE_DIR_PATH}/Podfile.lock",
				"${PODS_ROOT}/Manifest.lock",
			);
			name = "[CP] Check Pods Manifest.lock";
			outputFileListPaths = (
			);
			outputPaths = (
				"$(DERIVED_FILE_DIR)/Pods-Sports-App-checkManifestLockResult.txt",
			);
			runOnlyForDeploymentPostprocessing = 0;
			shellPath = /bin/sh;
			shellScript = "diff \"${PODS_PODFILE_DIR_PATH}/Podfile.lock\" \"${PODS_ROOT}/Manifest.lock\" > /dev/null\nif [ $? != 0 ] ; then\n    # print error to STDERR\n    echo \"error: The sandbox is not in sync with the Podfile.lock. Run 'pod install' or update your CocoaPods installation.\" >&2\n    exit 1\nfi\n# This output is used by Xcode 'outputs' to avoid re-running this script phase.\necho \"SUCCESS\" > \"${SCRIPT_OUTPUT_FILE_0}\"\n";
			showEnvVarsInLog = 0;
		};
		49654B4343AFAEB406C4177B /* [CP] Check Pods Manifest.lock */ = {
			isa = PBXShellScriptBuildPhase;
			buildActionMask = 2147483647;
			files = (
			);
			inputFileListPaths = (
			);
			inputPaths = (
				"${PODS_PODFILE_DIR_PATH}/Podfile.lock",
				"${PODS_ROOT}/Manifest.lock",
			);
			name = "[CP] Check Pods Manifest.lock";
			outputFileListPaths = (
			);
			outputPaths = (
				"$(DERIVED_FILE_DIR)/Pods-Sports-AppTests-checkManifestLockResult.txt",
			);
			runOnlyForDeploymentPostprocessing = 0;
			shellPath = /bin/sh;
			shellScript = "diff \"${PODS_PODFILE_DIR_PATH}/Podfile.lock\" \"${PODS_ROOT}/Manifest.lock\" > /dev/null\nif [ $? != 0 ] ; then\n    # print error to STDERR\n    echo \"error: The sandbox is not in sync with the Podfile.lock. Run 'pod install' or update your CocoaPods installation.\" >&2\n    exit 1\nfi\n# This output is used by Xcode 'outputs' to avoid re-running this script phase.\necho \"SUCCESS\" > \"${SCRIPT_OUTPUT_FILE_0}\"\n";
			showEnvVarsInLog = 0;
		};
		AC2DE9157DA5A2C80766DDFC /* [CP] Embed Pods Frameworks */ = {
			isa = PBXShellScriptBuildPhase;
			buildActionMask = 2147483647;
			files = (
			);
			inputFileListPaths = (
				"${PODS_ROOT}/Target Support Files/Pods-Sports-App-Sports-AppUITests/Pods-Sports-App-Sports-AppUITests-frameworks-${CONFIGURATION}-input-files.xcfilelist",
			);
			name = "[CP] Embed Pods Frameworks";
			outputFileListPaths = (
				"${PODS_ROOT}/Target Support Files/Pods-Sports-App-Sports-AppUITests/Pods-Sports-App-Sports-AppUITests-frameworks-${CONFIGURATION}-output-files.xcfilelist",
			);
			runOnlyForDeploymentPostprocessing = 0;
			shellPath = /bin/sh;
			shellScript = "\"${PODS_ROOT}/Target Support Files/Pods-Sports-App-Sports-AppUITests/Pods-Sports-App-Sports-AppUITests-frameworks.sh\"\n";
			showEnvVarsInLog = 0;
		};
		C5E3834F13F30ABFAABB7074 /* [CP] Embed Pods Frameworks */ = {
			isa = PBXShellScriptBuildPhase;
			buildActionMask = 2147483647;
			files = (
			);
			inputFileListPaths = (
				"${PODS_ROOT}/Target Support Files/Pods-Sports-App/Pods-Sports-App-frameworks-${CONFIGURATION}-input-files.xcfilelist",
			);
			name = "[CP] Embed Pods Frameworks";
			outputFileListPaths = (
				"${PODS_ROOT}/Target Support Files/Pods-Sports-App/Pods-Sports-App-frameworks-${CONFIGURATION}-output-files.xcfilelist",
			);
			runOnlyForDeploymentPostprocessing = 0;
			shellPath = /bin/sh;
			shellScript = "\"${PODS_ROOT}/Target Support Files/Pods-Sports-App/Pods-Sports-App-frameworks.sh\"\n";
			showEnvVarsInLog = 0;
		};
		C6079D084E513F05E05BAC58 /* [CP] Embed Pods Frameworks */ = {
			isa = PBXShellScriptBuildPhase;
			buildActionMask = 2147483647;
			files = (
			);
			inputFileListPaths = (
				"${PODS_ROOT}/Target Support Files/Pods-Sports-AppTests/Pods-Sports-AppTests-frameworks-${CONFIGURATION}-input-files.xcfilelist",
			);
			name = "[CP] Embed Pods Frameworks";
			outputFileListPaths = (
				"${PODS_ROOT}/Target Support Files/Pods-Sports-AppTests/Pods-Sports-AppTests-frameworks-${CONFIGURATION}-output-files.xcfilelist",
			);
			runOnlyForDeploymentPostprocessing = 0;
			shellPath = /bin/sh;
			shellScript = "\"${PODS_ROOT}/Target Support Files/Pods-Sports-AppTests/Pods-Sports-AppTests-frameworks.sh\"\n";
			showEnvVarsInLog = 0;
		};
/* End PBXShellScriptBuildPhase section */

/* Begin PBXSourcesBuildPhase section */
		DE1FB3A5298A00690071268A /* Sources */ = {
			isa = PBXSourcesBuildPhase;
			buildActionMask = 2147483647;
			files = (
				DE1FB3F1298A04440071268A /* League.swift in Sources */,
				DE1FB3B1298A00690071268A /* MainController.swift in Sources */,
				DED942B9299046760092E969 /* CustomTableCell.swift in Sources */,
				DED942BB299046760092E969 /* LeaguesViewController.swift in Sources */,
				DE1FB3AD298A00690071268A /* AppDelegate.swift in Sources */,
				DE1FB3F6298A05780071268A /* LaunchScreenController.swift in Sources */,
				DE1FB3B7298A00690071268A /* Sports_App.xcdatamodeld in Sources */,
				DE1FB3F3298A044D0071268A /* Team.swift in Sources */,
				DE1FB3AF298A00690071268A /* SceneDelegate.swift in Sources */,
				DE1FB3EF298A043C0071268A /* Sport.swift in Sources */,
				A7BFC6B7298C2176008400F9 /* FavouritesViewController.swift in Sources */,
				DE1FB3ED298A042E0071268A /* LeagueDetail.swift in Sources */,
				A7BFC6F9298C30DC008400F9 /* CustomCollectionViewCell.swift in Sources */,
			);
			runOnlyForDeploymentPostprocessing = 0;
		};
		DE1FB3BE298A006D0071268A /* Sources */ = {
			isa = PBXSourcesBuildPhase;
			buildActionMask = 2147483647;
			files = (
				DE1FB3C7298A006D0071268A /* Sports_AppTests.swift in Sources */,
			);
			runOnlyForDeploymentPostprocessing = 0;
		};
		DE1FB3C8298A006D0071268A /* Sources */ = {
			isa = PBXSourcesBuildPhase;
			buildActionMask = 2147483647;
			files = (
				DE1FB3D1298A006D0071268A /* Sports_AppUITests.swift in Sources */,
				DE1FB3D3298A006D0071268A /* Sports_AppUITestsLaunchTests.swift in Sources */,
			);
			runOnlyForDeploymentPostprocessing = 0;
		};
/* End PBXSourcesBuildPhase section */

/* Begin PBXTargetDependency section */
		DE1FB3C4298A006D0071268A /* PBXTargetDependency */ = {
			isa = PBXTargetDependency;
			target = DE1FB3A8298A00690071268A /* Sports-App */;
			targetProxy = DE1FB3C3298A006D0071268A /* PBXContainerItemProxy */;
		};
		DE1FB3CE298A006D0071268A /* PBXTargetDependency */ = {
			isa = PBXTargetDependency;
			target = DE1FB3A8298A00690071268A /* Sports-App */;
			targetProxy = DE1FB3CD298A006D0071268A /* PBXContainerItemProxy */;
		};
/* End PBXTargetDependency section */

/* Begin PBXVariantGroup section */
		DE1FB3B2298A00690071268A /* Main.storyboard */ = {
			isa = PBXVariantGroup;
			children = (
				DE1FB3B3298A00690071268A /* Base */,
			);
			name = Main.storyboard;
			sourceTree = "<group>";
		};
		DE1FB3BA298A006C0071268A /* LaunchScreen.storyboard */ = {
			isa = PBXVariantGroup;
			children = (
				DE1FB3BB298A006C0071268A /* Base */,
			);
			name = LaunchScreen.storyboard;
			sourceTree = "<group>";
		};
/* End PBXVariantGroup section */

/* Begin XCBuildConfiguration section */
		DE1FB3D4298A006D0071268A /* Debug */ = {
			isa = XCBuildConfiguration;
			buildSettings = {
				ALWAYS_SEARCH_USER_PATHS = NO;
				CLANG_ANALYZER_NONNULL = YES;
				CLANG_ANALYZER_NUMBER_OBJECT_CONVERSION = YES_AGGRESSIVE;
				CLANG_CXX_LANGUAGE_STANDARD = "gnu++20";
				CLANG_ENABLE_MODULES = YES;
				CLANG_ENABLE_OBJC_ARC = YES;
				CLANG_ENABLE_OBJC_WEAK = YES;
				CLANG_WARN_BLOCK_CAPTURE_AUTORELEASING = YES;
				CLANG_WARN_BOOL_CONVERSION = YES;
				CLANG_WARN_COMMA = YES;
				CLANG_WARN_CONSTANT_CONVERSION = YES;
				CLANG_WARN_DEPRECATED_OBJC_IMPLEMENTATIONS = YES;
				CLANG_WARN_DIRECT_OBJC_ISA_USAGE = YES_ERROR;
				CLANG_WARN_DOCUMENTATION_COMMENTS = YES;
				CLANG_WARN_EMPTY_BODY = YES;
				CLANG_WARN_ENUM_CONVERSION = YES;
				CLANG_WARN_INFINITE_RECURSION = YES;
				CLANG_WARN_INT_CONVERSION = YES;
				CLANG_WARN_NON_LITERAL_NULL_CONVERSION = YES;
				CLANG_WARN_OBJC_IMPLICIT_RETAIN_SELF = YES;
				CLANG_WARN_OBJC_LITERAL_CONVERSION = YES;
				CLANG_WARN_OBJC_ROOT_CLASS = YES_ERROR;
				CLANG_WARN_QUOTED_INCLUDE_IN_FRAMEWORK_HEADER = YES;
				CLANG_WARN_RANGE_LOOP_ANALYSIS = YES;
				CLANG_WARN_STRICT_PROTOTYPES = YES;
				CLANG_WARN_SUSPICIOUS_MOVE = YES;
				CLANG_WARN_UNGUARDED_AVAILABILITY = YES_AGGRESSIVE;
				CLANG_WARN_UNREACHABLE_CODE = YES;
				CLANG_WARN__DUPLICATE_METHOD_MATCH = YES;
				COPY_PHASE_STRIP = NO;
				DEBUG_INFORMATION_FORMAT = dwarf;
				ENABLE_STRICT_OBJC_MSGSEND = YES;
				ENABLE_TESTABILITY = YES;
				GCC_C_LANGUAGE_STANDARD = gnu11;
				GCC_DYNAMIC_NO_PIC = NO;
				GCC_NO_COMMON_BLOCKS = YES;
				GCC_OPTIMIZATION_LEVEL = 0;
				GCC_PREPROCESSOR_DEFINITIONS = (
					"DEBUG=1",
					"$(inherited)",
				);
				GCC_WARN_64_TO_32_BIT_CONVERSION = YES;
				GCC_WARN_ABOUT_RETURN_TYPE = YES_ERROR;
				GCC_WARN_UNDECLARED_SELECTOR = YES;
				GCC_WARN_UNINITIALIZED_AUTOS = YES_AGGRESSIVE;
				GCC_WARN_UNUSED_FUNCTION = YES;
				GCC_WARN_UNUSED_VARIABLE = YES;
				IPHONEOS_DEPLOYMENT_TARGET = 16.2;
				MTL_ENABLE_DEBUG_INFO = INCLUDE_SOURCE;
				MTL_FAST_MATH = YES;
				ONLY_ACTIVE_ARCH = YES;
				SDKROOT = iphoneos;
				SWIFT_ACTIVE_COMPILATION_CONDITIONS = DEBUG;
				SWIFT_OPTIMIZATION_LEVEL = "-Onone";
			};
			name = Debug;
		};
		DE1FB3D5298A006D0071268A /* Release */ = {
			isa = XCBuildConfiguration;
			buildSettings = {
				ALWAYS_SEARCH_USER_PATHS = NO;
				CLANG_ANALYZER_NONNULL = YES;
				CLANG_ANALYZER_NUMBER_OBJECT_CONVERSION = YES_AGGRESSIVE;
				CLANG_CXX_LANGUAGE_STANDARD = "gnu++20";
				CLANG_ENABLE_MODULES = YES;
				CLANG_ENABLE_OBJC_ARC = YES;
				CLANG_ENABLE_OBJC_WEAK = YES;
				CLANG_WARN_BLOCK_CAPTURE_AUTORELEASING = YES;
				CLANG_WARN_BOOL_CONVERSION = YES;
				CLANG_WARN_COMMA = YES;
				CLANG_WARN_CONSTANT_CONVERSION = YES;
				CLANG_WARN_DEPRECATED_OBJC_IMPLEMENTATIONS = YES;
				CLANG_WARN_DIRECT_OBJC_ISA_USAGE = YES_ERROR;
				CLANG_WARN_DOCUMENTATION_COMMENTS = YES;
				CLANG_WARN_EMPTY_BODY = YES;
				CLANG_WARN_ENUM_CONVERSION = YES;
				CLANG_WARN_INFINITE_RECURSION = YES;
				CLANG_WARN_INT_CONVERSION = YES;
				CLANG_WARN_NON_LITERAL_NULL_CONVERSION = YES;
				CLANG_WARN_OBJC_IMPLICIT_RETAIN_SELF = YES;
				CLANG_WARN_OBJC_LITERAL_CONVERSION = YES;
				CLANG_WARN_OBJC_ROOT_CLASS = YES_ERROR;
				CLANG_WARN_QUOTED_INCLUDE_IN_FRAMEWORK_HEADER = YES;
				CLANG_WARN_RANGE_LOOP_ANALYSIS = YES;
				CLANG_WARN_STRICT_PROTOTYPES = YES;
				CLANG_WARN_SUSPICIOUS_MOVE = YES;
				CLANG_WARN_UNGUARDED_AVAILABILITY = YES_AGGRESSIVE;
				CLANG_WARN_UNREACHABLE_CODE = YES;
				CLANG_WARN__DUPLICATE_METHOD_MATCH = YES;
				COPY_PHASE_STRIP = NO;
				DEBUG_INFORMATION_FORMAT = "dwarf-with-dsym";
				ENABLE_NS_ASSERTIONS = NO;
				ENABLE_STRICT_OBJC_MSGSEND = YES;
				GCC_C_LANGUAGE_STANDARD = gnu11;
				GCC_NO_COMMON_BLOCKS = YES;
				GCC_WARN_64_TO_32_BIT_CONVERSION = YES;
				GCC_WARN_ABOUT_RETURN_TYPE = YES_ERROR;
				GCC_WARN_UNDECLARED_SELECTOR = YES;
				GCC_WARN_UNINITIALIZED_AUTOS = YES_AGGRESSIVE;
				GCC_WARN_UNUSED_FUNCTION = YES;
				GCC_WARN_UNUSED_VARIABLE = YES;
				IPHONEOS_DEPLOYMENT_TARGET = 16.2;
				MTL_ENABLE_DEBUG_INFO = NO;
				MTL_FAST_MATH = YES;
				SDKROOT = iphoneos;
				SWIFT_COMPILATION_MODE = wholemodule;
				SWIFT_OPTIMIZATION_LEVEL = "-O";
				VALIDATE_PRODUCT = YES;
			};
			name = Release;
		};
		DE1FB3D7298A006D0071268A /* Debug */ = {
			isa = XCBuildConfiguration;
			baseConfigurationReference = E2662AB9988C0254C424F063 /* Pods-Sports-App.debug.xcconfig */;
			buildSettings = {
				ASSETCATALOG_COMPILER_APPICON_NAME = AppIcon;
				ASSETCATALOG_COMPILER_GLOBAL_ACCENT_COLOR_NAME = AccentColor;
				CODE_SIGN_STYLE = Automatic;
				CURRENT_PROJECT_VERSION = 1;
				DEVELOPMENT_TEAM = 7Y6WH6SYK8;
				GENERATE_INFOPLIST_FILE = YES;
				INFOPLIST_FILE = "Sports-App/Info.plist";
				INFOPLIST_KEY_UIApplicationSupportsIndirectInputEvents = YES;
				INFOPLIST_KEY_UILaunchStoryboardName = LaunchScreen;
				INFOPLIST_KEY_UIMainStoryboardFile = Main;
				INFOPLIST_KEY_UISupportedInterfaceOrientations_iPad = "UIInterfaceOrientationPortrait UIInterfaceOrientationPortraitUpsideDown UIInterfaceOrientationLandscapeLeft UIInterfaceOrientationLandscapeRight";
				INFOPLIST_KEY_UISupportedInterfaceOrientations_iPhone = "UIInterfaceOrientationPortrait UIInterfaceOrientationLandscapeLeft UIInterfaceOrientationLandscapeRight";
				LD_RUNPATH_SEARCH_PATHS = (
					"$(inherited)",
					"@executable_path/Frameworks",
				);
				MARKETING_VERSION = 1.0;
				PRODUCT_BUNDLE_IDENTIFIER = "ITI.Sports-App";
				PRODUCT_NAME = "$(TARGET_NAME)";
				SWIFT_EMIT_LOC_STRINGS = YES;
				SWIFT_VERSION = 5.0;
				TARGETED_DEVICE_FAMILY = "1,2";
			};
			name = Debug;
		};
		DE1FB3D8298A006D0071268A /* Release */ = {
			isa = XCBuildConfiguration;
			baseConfigurationReference = AB8F35862765900CA1039D14 /* Pods-Sports-App.release.xcconfig */;
			buildSettings = {
				ASSETCATALOG_COMPILER_APPICON_NAME = AppIcon;
				ASSETCATALOG_COMPILER_GLOBAL_ACCENT_COLOR_NAME = AccentColor;
				CODE_SIGN_STYLE = Automatic;
				CURRENT_PROJECT_VERSION = 1;
				DEVELOPMENT_TEAM = 7Y6WH6SYK8;
				GENERATE_INFOPLIST_FILE = YES;
				INFOPLIST_FILE = "Sports-App/Info.plist";
				INFOPLIST_KEY_UIApplicationSupportsIndirectInputEvents = YES;
				INFOPLIST_KEY_UILaunchStoryboardName = LaunchScreen;
				INFOPLIST_KEY_UIMainStoryboardFile = Main;
				INFOPLIST_KEY_UISupportedInterfaceOrientations_iPad = "UIInterfaceOrientationPortrait UIInterfaceOrientationPortraitUpsideDown UIInterfaceOrientationLandscapeLeft UIInterfaceOrientationLandscapeRight";
				INFOPLIST_KEY_UISupportedInterfaceOrientations_iPhone = "UIInterfaceOrientationPortrait UIInterfaceOrientationLandscapeLeft UIInterfaceOrientationLandscapeRight";
				LD_RUNPATH_SEARCH_PATHS = (
					"$(inherited)",
					"@executable_path/Frameworks",
				);
				MARKETING_VERSION = 1.0;
				PRODUCT_BUNDLE_IDENTIFIER = "ITI.Sports-App";
				PRODUCT_NAME = "$(TARGET_NAME)";
				SWIFT_EMIT_LOC_STRINGS = YES;
				SWIFT_VERSION = 5.0;
				TARGETED_DEVICE_FAMILY = "1,2";
			};
			name = Release;
		};
		DE1FB3DA298A006D0071268A /* Debug */ = {
			isa = XCBuildConfiguration;
			baseConfigurationReference = 126627D89DB6F8BFC301ABD7 /* Pods-Sports-AppTests.debug.xcconfig */;
			buildSettings = {
				ALWAYS_EMBED_SWIFT_STANDARD_LIBRARIES = YES;
				BUNDLE_LOADER = "$(TEST_HOST)";
				CODE_SIGN_STYLE = Automatic;
				CURRENT_PROJECT_VERSION = 1;
				DEVELOPMENT_TEAM = 7Y6WH6SYK8;
				GENERATE_INFOPLIST_FILE = YES;
				IPHONEOS_DEPLOYMENT_TARGET = 16.2;
				MARKETING_VERSION = 1.0;
				PRODUCT_BUNDLE_IDENTIFIER = "ITI.Sports-AppTests";
				PRODUCT_NAME = "$(TARGET_NAME)";
				SWIFT_EMIT_LOC_STRINGS = NO;
				SWIFT_VERSION = 5.0;
				TARGETED_DEVICE_FAMILY = "1,2";
				TEST_HOST = "$(BUILT_PRODUCTS_DIR)/Sports-App.app/$(BUNDLE_EXECUTABLE_FOLDER_PATH)/Sports-App";
			};
			name = Debug;
		};
		DE1FB3DB298A006D0071268A /* Release */ = {
			isa = XCBuildConfiguration;
			baseConfigurationReference = 533A53DC412AA46728E9167A /* Pods-Sports-AppTests.release.xcconfig */;
			buildSettings = {
				ALWAYS_EMBED_SWIFT_STANDARD_LIBRARIES = YES;
				BUNDLE_LOADER = "$(TEST_HOST)";
				CODE_SIGN_STYLE = Automatic;
				CURRENT_PROJECT_VERSION = 1;
				DEVELOPMENT_TEAM = 7Y6WH6SYK8;
				GENERATE_INFOPLIST_FILE = YES;
				IPHONEOS_DEPLOYMENT_TARGET = 16.2;
				MARKETING_VERSION = 1.0;
				PRODUCT_BUNDLE_IDENTIFIER = "ITI.Sports-AppTests";
				PRODUCT_NAME = "$(TARGET_NAME)";
				SWIFT_EMIT_LOC_STRINGS = NO;
				SWIFT_VERSION = 5.0;
				TARGETED_DEVICE_FAMILY = "1,2";
				TEST_HOST = "$(BUILT_PRODUCTS_DIR)/Sports-App.app/$(BUNDLE_EXECUTABLE_FOLDER_PATH)/Sports-App";
			};
			name = Release;
		};
		DE1FB3DD298A006D0071268A /* Debug */ = {
			isa = XCBuildConfiguration;
			baseConfigurationReference = 66296694525A85622FE769C2 /* Pods-Sports-App-Sports-AppUITests.debug.xcconfig */;
			buildSettings = {
				ALWAYS_EMBED_SWIFT_STANDARD_LIBRARIES = YES;
				CODE_SIGN_STYLE = Automatic;
				CURRENT_PROJECT_VERSION = 1;
				DEVELOPMENT_TEAM = 7Y6WH6SYK8;
				GENERATE_INFOPLIST_FILE = YES;
				MARKETING_VERSION = 1.0;
				PRODUCT_BUNDLE_IDENTIFIER = "ITI.Sports-AppUITests";
				PRODUCT_NAME = "$(TARGET_NAME)";
				SWIFT_EMIT_LOC_STRINGS = NO;
				SWIFT_VERSION = 5.0;
				TARGETED_DEVICE_FAMILY = "1,2";
				TEST_TARGET_NAME = "Sports-App";
			};
			name = Debug;
		};
		DE1FB3DE298A006D0071268A /* Release */ = {
			isa = XCBuildConfiguration;
			baseConfigurationReference = A9DBFA9C61272A52A8B6F316 /* Pods-Sports-App-Sports-AppUITests.release.xcconfig */;
			buildSettings = {
				ALWAYS_EMBED_SWIFT_STANDARD_LIBRARIES = YES;
				CODE_SIGN_STYLE = Automatic;
				CURRENT_PROJECT_VERSION = 1;
				DEVELOPMENT_TEAM = 7Y6WH6SYK8;
				GENERATE_INFOPLIST_FILE = YES;
				MARKETING_VERSION = 1.0;
				PRODUCT_BUNDLE_IDENTIFIER = "ITI.Sports-AppUITests";
				PRODUCT_NAME = "$(TARGET_NAME)";
				SWIFT_EMIT_LOC_STRINGS = NO;
				SWIFT_VERSION = 5.0;
				TARGETED_DEVICE_FAMILY = "1,2";
				TEST_TARGET_NAME = "Sports-App";
			};
			name = Release;
		};
/* End XCBuildConfiguration section */

/* Begin XCConfigurationList section */
		DE1FB3A4298A00690071268A /* Build configuration list for PBXProject "Sports-App" */ = {
			isa = XCConfigurationList;
			buildConfigurations = (
				DE1FB3D4298A006D0071268A /* Debug */,
				DE1FB3D5298A006D0071268A /* Release */,
			);
			defaultConfigurationIsVisible = 0;
			defaultConfigurationName = Release;
		};
		DE1FB3D6298A006D0071268A /* Build configuration list for PBXNativeTarget "Sports-App" */ = {
			isa = XCConfigurationList;
			buildConfigurations = (
				DE1FB3D7298A006D0071268A /* Debug */,
				DE1FB3D8298A006D0071268A /* Release */,
			);
			defaultConfigurationIsVisible = 0;
			defaultConfigurationName = Release;
		};
		DE1FB3D9298A006D0071268A /* Build configuration list for PBXNativeTarget "Sports-AppTests" */ = {
			isa = XCConfigurationList;
			buildConfigurations = (
				DE1FB3DA298A006D0071268A /* Debug */,
				DE1FB3DB298A006D0071268A /* Release */,
			);
			defaultConfigurationIsVisible = 0;
			defaultConfigurationName = Release;
		};
		DE1FB3DC298A006D0071268A /* Build configuration list for PBXNativeTarget "Sports-AppUITests" */ = {
			isa = XCConfigurationList;
			buildConfigurations = (
				DE1FB3DD298A006D0071268A /* Debug */,
				DE1FB3DE298A006D0071268A /* Release */,
			);
			defaultConfigurationIsVisible = 0;
			defaultConfigurationName = Release;
		};
/* End XCConfigurationList section */

/* Begin XCVersionGroup section */
		DE1FB3B5298A00690071268A /* Sports_App.xcdatamodeld */ = {
			isa = XCVersionGroup;
			children = (
				DE1FB3B6298A00690071268A /* Sports_App.xcdatamodel */,
			);
			currentVersion = DE1FB3B6298A00690071268A /* Sports_App.xcdatamodel */;
			path = Sports_App.xcdatamodeld;
			sourceTree = "<group>";
			versionGroupType = wrapper.xcdatamodel;
		};
/* End XCVersionGroup section */
	};
	rootObject = DE1FB3A1298A00680071268A /* Project object */;
}
